
Microsoft Visual Studio Solution File, Format Version 12.00
# Visual Studio Version 17
VisualStudioVersion = 17.8.34330.188
MinimumVisualStudioVersion = 10.0.40219.1
Project("{FAE04EC0-301F-11D3-BF4B-00C04F79EFBC}") = "EstructuraDeDatos2", "EstructuraDeDatos2\EstructuraDeDatos2.csproj", "{0D524A80-8443-43DA-B275-A8EFC9F397BF}"
EndProject
Global
	GlobalSection(SolutionConfigurationPlatforms) = preSolution
		Debug|Any CPU = Debug|Any CPU
		Release|Any CPU = Release|Any CPU
	EndGlobalSection
	GlobalSection(ProjectConfigurationPlatforms) = postSolution
		{0D524A80-8443-43DA-B275-A8EFC9F397BF}.Debug|Any CPU.ActiveCfg = Debug|Any CPU
		{0D524A80-8443-43DA-B275-A8EFC9F397BF}.Debug|Any CPU.Build.0 = Debug|Any CPU
		{0D524A80-8443-43DA-B275-A8EFC9F397BF}.Release|Any CPU.ActiveCfg = Release|Any CPU
		{0D524A80-8443-43DA-B275-A8EFC9F397BF}.Release|Any CPU.Build.0 = Release|Any CPU
	EndGlobalSection
	GlobalSection(SolutionProperties) = preSolution
		HideSolutionNode = FALSE
	EndGlobalSection
	GlobalSection(ExtensibilityGlobals) = postSolution
		SolutionGuid = {324DAF65-9205-46E2-9CBC-F4A8F7ADEBFD}
	EndGlobalSection
EndGlobal
